{
  "version": 4,
  "terraform_version": "1.6.6",
  "serial": 5,
  "lineage": "292fddbc-bc6a-3b42-39dc-df877bdb5600",
  "outputs": {},
  "resources": [
    {
      "mode": "data",
      "type": "aws_route53_zone",
      "name": "saachi",
      "provider": "provider[\"registry.terraform.io/hashicorp/aws\"]",
      "instances": [
        {
          "schema_version": 0,
          "attributes": {
            "arn": "arn:aws:route53:::hostedzone/Z08239781GWZF21X2KM8L",
            "caller_reference": "e80c021b-3084-4a23-9cbf-0da9c9d54f8d",
            "comment": "",
            "id": "Z08239781GWZF21X2KM8L",
            "linked_service_description": null,
            "linked_service_principal": null,
            "name": "saachi.online",
            "name_servers": [
              "ns-415.awsdns-51.com",
              "ns-1276.awsdns-31.org",
              "ns-1716.awsdns-22.co.uk",
              "ns-580.awsdns-08.net"
            ],
            "primary_name_server": "ns-415.awsdns-51.com",
            "private_zone": false,
            "resource_record_set_count": 7,
            "tags": {},
            "vpc_id": null,
            "zone_id": "Z08239781GWZF21X2KM8L"
          },
          "sensitive_attributes": []
        }
      ]
    },
    {
      "mode": "managed",
      "type": "aws_acm_certificate",
      "name": "saachi",
      "provider": "provider[\"registry.terraform.io/hashicorp/aws\"]",
      "instances": [
        {
          "schema_version": 0,
          "attributes": {
            "arn": "arn:aws:acm:us-east-1:785110568358:certificate/a030ea6e-4702-417a-b351-fe106f88fb36",
            "certificate_authority_arn": "",
            "certificate_body": null,
            "certificate_chain": null,
            "domain_name": "saachi.com",
            "domain_validation_options": [
              {
                "domain_name": "saachi.com",
                "resource_record_name": "_b777d5dccbf0553fe42eab30923bf792.saachi.com.",
                "resource_record_type": "CNAME",
                "resource_record_value": "_aca2f53cd8cbf2a64d9bc17eff9a5174.mhbtsbpdnt.acm-validations.aws."
              }
            ],
            "early_renewal_duration": "",
            "id": "arn:aws:acm:us-east-1:785110568358:certificate/a030ea6e-4702-417a-b351-fe106f88fb36",
            "key_algorithm": "RSA_2048",
            "not_after": "",
            "not_before": "",
            "options": [
              {
                "certificate_transparency_logging_preference": "ENABLED"
              }
            ],
            "pending_renewal": false,
            "private_key": null,
            "renewal_eligibility": "INELIGIBLE",
            "renewal_summary": [],
            "status": "PENDING_VALIDATION",
            "subject_alternative_names": [
              "saachi.com"
            ],
            "tags": {
              "Component": "catalogue",
              "Environment": "dev",
              "Project": "roboshop",
              "Terraform": "true"
            },
            "tags_all": {
              "Component": "catalogue",
              "Environment": "dev",
              "Project": "roboshop",
              "Terraform": "true"
            },
            "type": "AMAZON_ISSUED",
            "validation_emails": [],
            "validation_method": "DNS",
            "validation_option": []
          },
          "sensitive_attributes": [],
          "private": "bnVsbA==",
          "create_before_destroy": true
        }
      ]
    },
    {
      "mode": "managed",
      "type": "aws_route53_record",
      "name": "saachi",
      "provider": "provider[\"registry.terraform.io/hashicorp/aws\"]",
      "instances": [
        {
          "index_key": "saachi.com",
          "schema_version": 2,
          "attributes": {
            "alias": [],
            "allow_overwrite": true,
            "cidr_routing_policy": [],
            "failover_routing_policy": [],
            "fqdn": "_b777d5dccbf0553fe42eab30923bf792.saachi.com.saachi.online",
            "geolocation_routing_policy": [],
            "health_check_id": "",
            "id": "Z08239781GWZF21X2KM8L__b777d5dccbf0553fe42eab30923bf792.saachi.com._CNAME",
            "latency_routing_policy": [],
            "multivalue_answer_routing_policy": false,
            "name": "_b777d5dccbf0553fe42eab30923bf792.saachi.com",
            "records": [
              "_aca2f53cd8cbf2a64d9bc17eff9a5174.mhbtsbpdnt.acm-validations.aws."
            ],
            "set_identifier": "",
            "ttl": 60,
            "type": "CNAME",
            "weighted_routing_policy": [],
            "zone_id": "Z08239781GWZF21X2KM8L"
          },
          "sensitive_attributes": [],
          "private": "eyJzY2hlbWFfdmVyc2lvbiI6IjIifQ==",
          "dependencies": [
            "aws_acm_certificate.saachi",
            "data.aws_route53_zone.saachi"
          ]
        }
      ]
    },
    {
      "mode": "managed",
      "type": "aws_ssm_parameter",
      "name": "acm_certificate_arn",
      "provider": "provider[\"registry.terraform.io/hashicorp/aws\"]",
      "instances": [
        {
          "schema_version": 0,
          "attributes": {
            "allowed_pattern": "",
            "arn": "arn:aws:ssm:us-east-1:785110568358:parameter/roboshop/dev/acm_certificate_arn",
            "data_type": "text",
            "description": "",
            "id": "/roboshop/dev/acm_certificate_arn",
            "insecure_value": null,
            "key_id": "",
            "name": "/roboshop/dev/acm_certificate_arn",
            "overwrite": null,
            "tags": null,
            "tags_all": {},
            "tier": "Standard",
            "type": "String",
            "value": "arn:aws:acm:us-east-1:785110568358:certificate/a030ea6e-4702-417a-b351-fe106f88fb36",
            "version": 1
          },
          "sensitive_attributes": [],
          "private": "bnVsbA==",
          "dependencies": [
            "aws_acm_certificate.saachi"
          ]
        }
      ]
    }
  ],
  "check_results": null
}
